
Microsoft Visual Studio Solution File, Format Version 12.00
# Visual Studio 14
VisualStudioVersion = 14.0.25420.1
MinimumVisualStudioVersion = 10.0.40219.1
Project("{FAE04EC0-301F-11D3-BF4B-00C04F79EFBC}") = "SpeechBOT", "SpeechBOT\SpeechBOT.csproj", "{1FFF3E71-C4DA-4E8B-BBC9-FBC1E3EDCE14}"
EndProject
Global
	GlobalSection(SolutionConfigurationPlatforms) = preSolution
		Debug|Any CPU = Debug|Any CPU
		Release|Any CPU = Release|Any CPU
	EndGlobalSection
	GlobalSection(ProjectConfigurationPlatforms) = postSolution
		{1FFF3E71-C4DA-4E8B-BBC9-FBC1E3EDCE14}.Debug|Any CPU.ActiveCfg = Debug|Any CPU
		{1FFF3E71-C4DA-4E8B-BBC9-FBC1E3EDCE14}.Debug|Any CPU.Build.0 = Debug|Any CPU
		{1FFF3E71-C4DA-4E8B-BBC9-FBC1E3EDCE14}.Release|Any CPU.ActiveCfg = Release|Any CPU
		{1FFF3E71-C4DA-4E8B-BBC9-FBC1E3EDCE14}.Release|Any CPU.Build.0 = Release|Any CPU
	EndGlobalSection
	GlobalSection(SolutionProperties) = preSolution
		HideSolutionNode = FALSE
	EndGlobalSection
EndGlobal
